
Microsoft Visual Studio Solution File, Format Version 12.00
# Visual Studio Version 16
VisualStudioVersion = 16.0.31515.178
MinimumVisualStudioVersion = 10.0.40219.1
Project("{FAE04EC0-301F-11D3-BF4B-00C04F79EFBC}") = "Piranha", "src\Piranha\Piranha.csproj", "{2300AF92-A15F-4072-98A0-E3C3C564CE0F}"
EndProject
Project("{2150E333-8FDC-42A3-9474-1A3956D46DE8}") = "src", "src", "{FD96A434-EE5B-48D9-A47D-E1D359534552}"
EndProject
Project("{FAE04EC0-301F-11D3-BF4B-00C04F79EFBC}") = "Piranha.AttributeBuilder", "src\Piranha.AttributeBuilder\Piranha.AttributeBuilder.csproj", "{C0AEE499-103A-45C5-B3D8-D3257BACC907}"
EndProject
Project("{FAE04EC0-301F-11D3-BF4B-00C04F79EFBC}") = "Piranha.AspNetCore", "src\Piranha.AspNetCore\Piranha.AspNetCore.csproj", "{4D5556D9-8AC1-464F-8C58-0179ED9938FF}"
EndProject
Project("{2150E333-8FDC-42A3-9474-1A3956D46DE8}") = "test", "test", "{CF180BA3-3004-4C10-8EFF-451C32BD28DA}"
EndProject
Project("{2150E333-8FDC-42A3-9474-1A3956D46DE8}") = "examples", "examples", "{3B4D22EC-DEA3-4DD3-889A-53387E8CAA25}"
EndProject
Project("{FAE04EC0-301F-11D3-BF4B-00C04F79EFBC}") = "AspNetCoreWeb", "examples\AspNetCoreWeb\AspNetCoreWeb.csproj", "{D6D5F97D-1731-46BA-A0CD-4DABA8BC072C}"
EndProject
Project("{FAE04EC0-301F-11D3-BF4B-00C04F79EFBC}") = "Piranha.Tests", "test\Piranha.Tests\Piranha.Tests.csproj", "{433DA54E-4B91-4B3D-BAFA-073F438B1D3E}"
EndProject
Project("{FAE04EC0-301F-11D3-BF4B-00C04F79EFBC}") = "Piranha.AttributeBuilder.Tests", "test\Piranha.AttributeBuilder.Tests\Piranha.AttributeBuilder.Tests.csproj", "{C73A06AD-4190-42A6-96B2-B55BB130CFCD}"
EndProject
Global
	GlobalSection(SolutionConfigurationPlatforms) = preSolution
		Debug|Any CPU = Debug|Any CPU
		Release|Any CPU = Release|Any CPU
	EndGlobalSection
	GlobalSection(ProjectConfigurationPlatforms) = postSolution
		{2300AF92-A15F-4072-98A0-E3C3C564CE0F}.Debug|Any CPU.ActiveCfg = Debug|Any CPU
		{2300AF92-A15F-4072-98A0-E3C3C564CE0F}.Debug|Any CPU.Build.0 = Debug|Any CPU
		{2300AF92-A15F-4072-98A0-E3C3C564CE0F}.Release|Any CPU.ActiveCfg = Release|Any CPU
		{2300AF92-A15F-4072-98A0-E3C3C564CE0F}.Release|Any CPU.Build.0 = Release|Any CPU
		{C0AEE499-103A-45C5-B3D8-D3257BACC907}.Debug|Any CPU.ActiveCfg = Debug|Any CPU
		{C0AEE499-103A-45C5-B3D8-D3257BACC907}.Debug|Any CPU.Build.0 = Debug|Any CPU
		{C0AEE499-103A-45C5-B3D8-D3257BACC907}.Release|Any CPU.ActiveCfg = Release|Any CPU
		{C0AEE499-103A-45C5-B3D8-D3257BACC907}.Release|Any CPU.Build.0 = Release|Any CPU
		{4D5556D9-8AC1-464F-8C58-0179ED9938FF}.Debug|Any CPU.ActiveCfg = Debug|Any CPU
		{4D5556D9-8AC1-464F-8C58-0179ED9938FF}.Debug|Any CPU.Build.0 = Debug|Any CPU
		{4D5556D9-8AC1-464F-8C58-0179ED9938FF}.Release|Any CPU.ActiveCfg = Release|Any CPU
		{4D5556D9-8AC1-464F-8C58-0179ED9938FF}.Release|Any CPU.Build.0 = Release|Any CPU
		{D6D5F97D-1731-46BA-A0CD-4DABA8BC072C}.Debug|Any CPU.ActiveCfg = Debug|Any CPU
		{D6D5F97D-1731-46BA-A0CD-4DABA8BC072C}.Debug|Any CPU.Build.0 = Debug|Any CPU
		{D6D5F97D-1731-46BA-A0CD-4DABA8BC072C}.Release|Any CPU.ActiveCfg = Release|Any CPU
		{D6D5F97D-1731-46BA-A0CD-4DABA8BC072C}.Release|Any CPU.Build.0 = Release|Any CPU
		{433DA54E-4B91-4B3D-BAFA-073F438B1D3E}.Debug|Any CPU.ActiveCfg = Debug|Any CPU
		{433DA54E-4B91-4B3D-BAFA-073F438B1D3E}.Debug|Any CPU.Build.0 = Debug|Any CPU
		{433DA54E-4B91-4B3D-BAFA-073F438B1D3E}.Release|Any CPU.ActiveCfg = Release|Any CPU
		{433DA54E-4B91-4B3D-BAFA-073F438B1D3E}.Release|Any CPU.Build.0 = Release|Any CPU
		{C73A06AD-4190-42A6-96B2-B55BB130CFCD}.Debug|Any CPU.ActiveCfg = Debug|Any CPU
		{C73A06AD-4190-42A6-96B2-B55BB130CFCD}.Debug|Any CPU.Build.0 = Debug|Any CPU
		{C73A06AD-4190-42A6-96B2-B55BB130CFCD}.Release|Any CPU.ActiveCfg = Release|Any CPU
		{C73A06AD-4190-42A6-96B2-B55BB130CFCD}.Release|Any CPU.Build.0 = Release|Any CPU
	EndGlobalSection
	GlobalSection(SolutionProperties) = preSolution
		HideSolutionNode = FALSE
	EndGlobalSection
	GlobalSection(NestedProjects) = preSolution
		{2300AF92-A15F-4072-98A0-E3C3C564CE0F} = {FD96A434-EE5B-48D9-A47D-E1D359534552}
		{C0AEE499-103A-45C5-B3D8-D3257BACC907} = {FD96A434-EE5B-48D9-A47D-E1D359534552}
		{4D5556D9-8AC1-464F-8C58-0179ED9938FF} = {FD96A434-EE5B-48D9-A47D-E1D359534552}
		{D6D5F97D-1731-46BA-A0CD-4DABA8BC072C} = {3B4D22EC-DEA3-4DD3-889A-53387E8CAA25}
		{433DA54E-4B91-4B3D-BAFA-073F438B1D3E} = {CF180BA3-3004-4C10-8EFF-451C32BD28DA}
		{C73A06AD-4190-42A6-96B2-B55BB130CFCD} = {CF180BA3-3004-4C10-8EFF-451C32BD28DA}
	EndGlobalSection
	GlobalSection(ExtensibilityGlobals) = postSolution
		SolutionGuid = {FDD518B4-2131-4805-8CE7-0607A8561B2B}
	EndGlobalSection
EndGlobal
