
Microsoft Visual Studio Solution File, Format Version 12.00
# Visual Studio Version 16
VisualStudioVersion = 16.0.31515.178
MinimumVisualStudioVersion = 10.0.40219.1
Project("{9A19103F-16F7-4668-BE54-9A1E7A4F7556}") = "Piranha.Core", "Piranha.Core\Piranha.Core.csproj", "{B5CEB248-769D-4B97-A952-918335576F6E}"
EndProject
Project("{9A19103F-16F7-4668-BE54-9A1E7A4F7556}") = "Piranha.Data", "Piranha.Data\Piranha.Data.csproj", "{6CD77980-B78F-4CC6-9F02-331CEC7F1DE3}"
EndProject
Project("{2150E333-8FDC-42A3-9474-1A3956D46DE8}") = "examples", "examples", "{FC7A98DE-EECF-4B24-B13F-C1C96D8F34BA}"
EndProject
Project("{9A19103F-16F7-4668-BE54-9A1E7A4F7556}") = "Blog", "Blog\Blog.csproj", "{37CF9689-537D-4334-AD54-EC19A75F7ABC}"
EndProject
Global
	GlobalSection(SolutionConfigurationPlatforms) = preSolution
		Debug|Any CPU = Debug|Any CPU
		Release|Any CPU = Release|Any CPU
	EndGlobalSection
	GlobalSection(ProjectConfigurationPlatforms) = postSolution
		{B5CEB248-769D-4B97-A952-918335576F6E}.Debug|Any CPU.ActiveCfg = Debug|Any CPU
		{B5CEB248-769D-4B97-A952-918335576F6E}.Debug|Any CPU.Build.0 = Debug|Any CPU
		{B5CEB248-769D-4B97-A952-918335576F6E}.Release|Any CPU.ActiveCfg = Release|Any CPU
		{B5CEB248-769D-4B97-A952-918335576F6E}.Release|Any CPU.Build.0 = Release|Any CPU
		{6CD77980-B78F-4CC6-9F02-331CEC7F1DE3}.Debug|Any CPU.ActiveCfg = Debug|Any CPU
		{6CD77980-B78F-4CC6-9F02-331CEC7F1DE3}.Debug|Any CPU.Build.0 = Debug|Any CPU
		{6CD77980-B78F-4CC6-9F02-331CEC7F1DE3}.Release|Any CPU.ActiveCfg = Release|Any CPU
		{6CD77980-B78F-4CC6-9F02-331CEC7F1DE3}.Release|Any CPU.Build.0 = Release|Any CPU
		{37CF9689-537D-4334-AD54-EC19A75F7ABC}.Debug|Any CPU.ActiveCfg = Debug|Any CPU
		{37CF9689-537D-4334-AD54-EC19A75F7ABC}.Debug|Any CPU.Build.0 = Debug|Any CPU
		{37CF9689-537D-4334-AD54-EC19A75F7ABC}.Release|Any CPU.ActiveCfg = Release|Any CPU
		{37CF9689-537D-4334-AD54-EC19A75F7ABC}.Release|Any CPU.Build.0 = Release|Any CPU
	EndGlobalSection
	GlobalSection(SolutionProperties) = preSolution
		HideSolutionNode = FALSE
	EndGlobalSection
	GlobalSection(NestedProjects) = preSolution
		{37CF9689-537D-4334-AD54-EC19A75F7ABC} = {FC7A98DE-EECF-4B24-B13F-C1C96D8F34BA}
	EndGlobalSection
	GlobalSection(ExtensibilityGlobals) = postSolution
		SolutionGuid = {FDD518B4-2131-4805-8CE7-0607A8561B2B}
	EndGlobalSection
EndGlobal
