
Microsoft Visual Studio Solution File, Format Version 12.00
# Visual Studio Version 16
VisualStudioVersion = 16.0.31515.178
MinimumVisualStudioVersion = 10.0.40219.1
Project("{2150E333-8FDC-42A3-9474-1A3956D46DE8}") = "examples", "examples", "{FC7A98DE-EECF-4B24-B13F-C1C96D8F34BA}"
EndProject
Project("{2150E333-8FDC-42A3-9474-1A3956D46DE8}") = "core", "core", "{805550A7-62C3-4888-A47C-05DCC370C2CB}"
EndProject
Project("{2150E333-8FDC-42A3-9474-1A3956D46DE8}") = "src", "src", "{1DDC089F-4C81-4342-A491-634760446834}"
EndProject
Project("{2150E333-8FDC-42A3-9474-1A3956D46DE8}") = "data", "data", "{01D7784F-DCB9-406A-9FF4-269397AD62D0}"
EndProject
Project("{2150E333-8FDC-42A3-9474-1A3956D46DE8}") = "env", "env", "{A9931E07-C1FA-41EF-88D3-8920D210B111}"
EndProject
Project("{9A19103F-16F7-4668-BE54-9A1E7A4F7556}") = "Piranha.AspNet", "src\core\Piranha.AspNet\Piranha.AspNet.csproj", "{6764D273-4816-4308-945A-8C4C8A91C1C1}"
EndProject
Project("{9A19103F-16F7-4668-BE54-9A1E7A4F7556}") = "Piranha.Builder.Json", "src\core\Piranha.Builder.Json\Piranha.Builder.Json.csproj", "{DF93AA9F-F413-4D3A-BC81-3779DCF56B25}"
EndProject
Project("{9A19103F-16F7-4668-BE54-9A1E7A4F7556}") = "Piranha.Core", "src\core\Piranha.Core\Piranha.Core.csproj", "{CED6AB36-3AA2-4E2A-BCFC-97FA9C73D67B}"
EndProject
Project("{9A19103F-16F7-4668-BE54-9A1E7A4F7556}") = "Piranha.Manager", "src\core\Piranha.Manager\Piranha.Manager.csproj", "{0CA64D8E-6BF7-46AF-B823-13DE188F8FBD}"
EndProject
Project("{9A19103F-16F7-4668-BE54-9A1E7A4F7556}") = "Piranha.EF", "src\data\Piranha.EF\Piranha.EF.csproj", "{D7348C9D-C5BD-44D5-AADA-16C349FF5E3F}"
EndProject
Project("{9A19103F-16F7-4668-BE54-9A1E7A4F7556}") = "Piranha.Azure", "src\env\Piranha.Azure\Piranha.Azure.csproj", "{45B38442-A90C-406C-A956-6EB78149CA1A}"
EndProject
Project("{9A19103F-16F7-4668-BE54-9A1E7A4F7556}") = "Blog", "src\examples\Blog\Blog.csproj", "{CC230E21-E54C-495B-BB58-376428112363}"
EndProject
Global
	GlobalSection(SolutionConfigurationPlatforms) = preSolution
		Debug|Any CPU = Debug|Any CPU
		Release|Any CPU = Release|Any CPU
	EndGlobalSection
	GlobalSection(ProjectConfigurationPlatforms) = postSolution
		{6764D273-4816-4308-945A-8C4C8A91C1C1}.Debug|Any CPU.ActiveCfg = Debug|Any CPU
		{6764D273-4816-4308-945A-8C4C8A91C1C1}.Debug|Any CPU.Build.0 = Debug|Any CPU
		{6764D273-4816-4308-945A-8C4C8A91C1C1}.Release|Any CPU.ActiveCfg = Release|Any CPU
		{6764D273-4816-4308-945A-8C4C8A91C1C1}.Release|Any CPU.Build.0 = Release|Any CPU
		{DF93AA9F-F413-4D3A-BC81-3779DCF56B25}.Debug|Any CPU.ActiveCfg = Debug|Any CPU
		{DF93AA9F-F413-4D3A-BC81-3779DCF56B25}.Debug|Any CPU.Build.0 = Debug|Any CPU
		{DF93AA9F-F413-4D3A-BC81-3779DCF56B25}.Release|Any CPU.ActiveCfg = Release|Any CPU
		{DF93AA9F-F413-4D3A-BC81-3779DCF56B25}.Release|Any CPU.Build.0 = Release|Any CPU
		{CED6AB36-3AA2-4E2A-BCFC-97FA9C73D67B}.Debug|Any CPU.ActiveCfg = Debug|Any CPU
		{CED6AB36-3AA2-4E2A-BCFC-97FA9C73D67B}.Debug|Any CPU.Build.0 = Debug|Any CPU
		{CED6AB36-3AA2-4E2A-BCFC-97FA9C73D67B}.Release|Any CPU.ActiveCfg = Release|Any CPU
		{CED6AB36-3AA2-4E2A-BCFC-97FA9C73D67B}.Release|Any CPU.Build.0 = Release|Any CPU
		{0CA64D8E-6BF7-46AF-B823-13DE188F8FBD}.Debug|Any CPU.ActiveCfg = Debug|Any CPU
		{0CA64D8E-6BF7-46AF-B823-13DE188F8FBD}.Debug|Any CPU.Build.0 = Debug|Any CPU
		{0CA64D8E-6BF7-46AF-B823-13DE188F8FBD}.Release|Any CPU.ActiveCfg = Release|Any CPU
		{0CA64D8E-6BF7-46AF-B823-13DE188F8FBD}.Release|Any CPU.Build.0 = Release|Any CPU
		{D7348C9D-C5BD-44D5-AADA-16C349FF5E3F}.Debug|Any CPU.ActiveCfg = Debug|Any CPU
		{D7348C9D-C5BD-44D5-AADA-16C349FF5E3F}.Debug|Any CPU.Build.0 = Debug|Any CPU
		{D7348C9D-C5BD-44D5-AADA-16C349FF5E3F}.Release|Any CPU.ActiveCfg = Release|Any CPU
		{D7348C9D-C5BD-44D5-AADA-16C349FF5E3F}.Release|Any CPU.Build.0 = Release|Any CPU
		{45B38442-A90C-406C-A956-6EB78149CA1A}.Debug|Any CPU.ActiveCfg = Debug|Any CPU
		{45B38442-A90C-406C-A956-6EB78149CA1A}.Debug|Any CPU.Build.0 = Debug|Any CPU
		{45B38442-A90C-406C-A956-6EB78149CA1A}.Release|Any CPU.ActiveCfg = Release|Any CPU
		{45B38442-A90C-406C-A956-6EB78149CA1A}.Release|Any CPU.Build.0 = Release|Any CPU
		{CC230E21-E54C-495B-BB58-376428112363}.Debug|Any CPU.ActiveCfg = Debug|Any CPU
		{CC230E21-E54C-495B-BB58-376428112363}.Debug|Any CPU.Build.0 = Debug|Any CPU
		{CC230E21-E54C-495B-BB58-376428112363}.Release|Any CPU.ActiveCfg = Release|Any CPU
		{CC230E21-E54C-495B-BB58-376428112363}.Release|Any CPU.Build.0 = Release|Any CPU
	EndGlobalSection
	GlobalSection(SolutionProperties) = preSolution
		HideSolutionNode = FALSE
	EndGlobalSection
	GlobalSection(NestedProjects) = preSolution
		{FC7A98DE-EECF-4B24-B13F-C1C96D8F34BA} = {1DDC089F-4C81-4342-A491-634760446834}
		{805550A7-62C3-4888-A47C-05DCC370C2CB} = {1DDC089F-4C81-4342-A491-634760446834}
		{01D7784F-DCB9-406A-9FF4-269397AD62D0} = {1DDC089F-4C81-4342-A491-634760446834}
		{A9931E07-C1FA-41EF-88D3-8920D210B111} = {1DDC089F-4C81-4342-A491-634760446834}
		{6764D273-4816-4308-945A-8C4C8A91C1C1} = {805550A7-62C3-4888-A47C-05DCC370C2CB}
		{DF93AA9F-F413-4D3A-BC81-3779DCF56B25} = {805550A7-62C3-4888-A47C-05DCC370C2CB}
		{CED6AB36-3AA2-4E2A-BCFC-97FA9C73D67B} = {805550A7-62C3-4888-A47C-05DCC370C2CB}
		{0CA64D8E-6BF7-46AF-B823-13DE188F8FBD} = {805550A7-62C3-4888-A47C-05DCC370C2CB}
		{D7348C9D-C5BD-44D5-AADA-16C349FF5E3F} = {01D7784F-DCB9-406A-9FF4-269397AD62D0}
		{45B38442-A90C-406C-A956-6EB78149CA1A} = {A9931E07-C1FA-41EF-88D3-8920D210B111}
		{CC230E21-E54C-495B-BB58-376428112363} = {FC7A98DE-EECF-4B24-B13F-C1C96D8F34BA}
	EndGlobalSection
	GlobalSection(ExtensibilityGlobals) = postSolution
		SolutionGuid = {FDD518B4-2131-4805-8CE7-0607A8561B2B}
	EndGlobalSection
EndGlobal
